
Microsoft Visual Studio Solution File, Format Version 12.00
# Visual Studio Version 17
VisualStudioVersion = 17.1.32414.318
MinimumVisualStudioVersion = 10.0.40219.1
Project("{9A19103F-16F7-4668-BE54-9A1E7A4F7556}") = "PogreBot.Console", "PogreBot.Console\PogreBot.Console.csproj", "{C5007139-61E5-4A3E-8FCE-97C75C3D25DA}"
EndProject
Global
	GlobalSection(SolutionConfigurationPlatforms) = preSolution
		Debug|Any CPU = Debug|Any CPU
		Release|Any CPU = Release|Any CPU
	EndGlobalSection
	GlobalSection(ProjectConfigurationPlatforms) = postSolution
		{C5007139-61E5-4A3E-8FCE-97C75C3D25DA}.Debug|Any CPU.ActiveCfg = Debug|Any CPU
		{C5007139-61E5-4A3E-8FCE-97C75C3D25DA}.Debug|Any CPU.Build.0 = Debug|Any CPU
		{C5007139-61E5-4A3E-8FCE-97C75C3D25DA}.Release|Any CPU.ActiveCfg = Release|Any CPU
		{C5007139-61E5-4A3E-8FCE-97C75C3D25DA}.Release|Any CPU.Build.0 = Release|Any CPU
	EndGlobalSection
	GlobalSection(SolutionProperties) = preSolution
		HideSolutionNode = FALSE
	EndGlobalSection
	GlobalSection(ExtensibilityGlobals) = postSolution
		SolutionGuid = {58AF7FC2-9FF8-4916-AD62-3C394FC73762}
	EndGlobalSection
EndGlobal
